
Microsoft Visual Studio Solution File, Format Version 12.00
Project("{FAE04EC0-301F-11D3-BF4B-00C04F79EFBC}") = "InvestmentPortfolio", "InvestmentPortfolio\InvestmentPortfolio.csproj", "{9AA99D98-6E6F-4B0A-AF5B-982A12FD6C95}"
EndProject
Global
	GlobalSection(SolutionConfigurationPlatforms) = preSolution
		Debug|Any CPU = Debug|Any CPU
		Release|Any CPU = Release|Any CPU
	EndGlobalSection
	GlobalSection(ProjectConfigurationPlatforms) = postSolution
		{9AA99D98-6E6F-4B0A-AF5B-982A12FD6C95}.Debug|Any CPU.ActiveCfg = Debug|Any CPU
		{9AA99D98-6E6F-4B0A-AF5B-982A12FD6C95}.Debug|Any CPU.Build.0 = Debug|Any CPU
		{9AA99D98-6E6F-4B0A-AF5B-982A12FD6C95}.Release|Any CPU.ActiveCfg = Release|Any CPU
		{9AA99D98-6E6F-4B0A-AF5B-982A12FD6C95}.Release|Any CPU.Build.0 = Release|Any CPU
	EndGlobalSection
EndGlobal
